
Microsoft Visual Studio Solution File, Format Version 12.00
# Visual Studio Version 16
VisualStudioVersion = 16.0.31515.178
MinimumVisualStudioVersion = 10.0.40219.1
Project("{FAE04EC0-301F-11D3-BF4B-00C04F79EFBC}") = "EF Console DB", "EF Console DB\EF Console DB.csproj", "{DC956A65-3CC4-4368-959D-9C7FC753578A}"
EndProject
Global
	GlobalSection(SolutionConfigurationPlatforms) = preSolution
		Debug|Any CPU = Debug|Any CPU
		Release|Any CPU = Release|Any CPU
	EndGlobalSection
	GlobalSection(ProjectConfigurationPlatforms) = postSolution
		{DC956A65-3CC4-4368-959D-9C7FC753578A}.Debug|Any CPU.ActiveCfg = Debug|Any CPU
		{DC956A65-3CC4-4368-959D-9C7FC753578A}.Debug|Any CPU.Build.0 = Debug|Any CPU
		{DC956A65-3CC4-4368-959D-9C7FC753578A}.Release|Any CPU.ActiveCfg = Release|Any CPU
		{DC956A65-3CC4-4368-959D-9C7FC753578A}.Release|Any CPU.Build.0 = Release|Any CPU
	EndGlobalSection
	GlobalSection(SolutionProperties) = preSolution
		HideSolutionNode = FALSE
	EndGlobalSection
	GlobalSection(ExtensibilityGlobals) = postSolution
		SolutionGuid = {2AC64ACB-CAA4-4F95-8E65-3B4A351A86BA}
	EndGlobalSection
EndGlobal
